// !$*UTF8*$!
{
	archiveVersion = 1;
	classes = {
	};
	objectVersion = 46;
	objects = {

/* Begin PBXBuildFile section */
		4711BCAE1E98008200DDDE35 /* BudgetViewController.swift in Sources */ = {isa = PBXBuildFile; fileRef = 4711BCAD1E98008200DDDE35 /* BudgetViewController.swift */; };
		4748D53A1E7B87D0007984A7 /* AppDelegate.swift in Sources */ = {isa = PBXBuildFile; fileRef = 4748D5391E7B87D0007984A7 /* AppDelegate.swift */; };
		4748D53C1E7B87D0007984A7 /* ViewController.swift in Sources */ = {isa = PBXBuildFile; fileRef = 4748D53B1E7B87D0007984A7 /* ViewController.swift */; };
		4748D53F1E7B87D0007984A7 /* Main.storyboard in Resources */ = {isa = PBXBuildFile; fileRef = 4748D53D1E7B87D0007984A7 /* Main.storyboard */; };
		4748D5411E7B87D0007984A7 /* Assets.xcassets in Resources */ = {isa = PBXBuildFile; fileRef = 4748D5401E7B87D0007984A7 /* Assets.xcassets */; };
		4748D5441E7B87D0007984A7 /* LaunchScreen.storyboard in Resources */ = {isa = PBXBuildFile; fileRef = 4748D5421E7B87D0007984A7 /* LaunchScreen.storyboard */; };
		475BEA691E955AD500075EEC /* AddRecurringPaydayViewController.swift in Sources */ = {isa = PBXBuildFile; fileRef = 475BEA681E955AD500075EEC /* AddRecurringPaydayViewController.swift */; };
		475BEA6B1E95F0C400075EEC /* CellView.xib in Resources */ = {isa = PBXBuildFile; fileRef = 475BEA6A1E95F0C400075EEC /* CellView.xib */; };
		475BEA6D1E95F4DD00075EEC /* CellView.swift in Sources */ = {isa = PBXBuildFile; fileRef = 475BEA6C1E95F4DD00075EEC /* CellView.swift */; };
		47F242701E8C7163006257B0 /* SetReoccuringViewController.swift in Sources */ = {isa = PBXBuildFile; fileRef = 47F2426F1E8C7163006257B0 /* SetReoccuringViewController.swift */; };
		47F242721E8C7242006257B0 /* SetManualViewController.swift in Sources */ = {isa = PBXBuildFile; fileRef = 47F242711E8C7242006257B0 /* SetManualViewController.swift */; };
		47F242741E8CA30F006257B0 /* IncomeViewController.swift in Sources */ = {isa = PBXBuildFile; fileRef = 47F242731E8CA30F006257B0 /* IncomeViewController.swift */; };
		BFB1CFE42F4C421C0A9A7304 /* Pods_FinalProject.framework in Frameworks */ = {isa = PBXBuildFile; fileRef = 77A49457D1547522FEEACCBD /* Pods_FinalProject.framework */; };
/* End PBXBuildFile section */

/* Begin PBXFileReference section */
		307362C98E2BA48F97D75315 /* Pods-FinalProject.release.xcconfig */ = {isa = PBXFileReference; includeInIndex = 1; lastKnownFileType = text.xcconfig; name = "Pods-FinalProject.release.xcconfig"; path = "Pods/Target Support Files/Pods-FinalProject/Pods-FinalProject.release.xcconfig"; sourceTree = "<group>"; };
		4711BCAD1E98008200DDDE35 /* BudgetViewController.swift */ = {isa = PBXFileReference; fileEncoding = 4; lastKnownFileType = sourcecode.swift; path = BudgetViewController.swift; sourceTree = "<group>"; };
		4748D5361E7B87CF007984A7 /* FinalProject.app */ = {isa = PBXFileReference; explicitFileType = wrapper.application; includeInIndex = 0; path = FinalProject.app; sourceTree = BUILT_PRODUCTS_DIR; };
		4748D5391E7B87D0007984A7 /* AppDelegate.swift */ = {isa = PBXFileReference; lastKnownFileType = sourcecode.swift; path = AppDelegate.swift; sourceTree = "<group>"; };
		4748D53B1E7B87D0007984A7 /* ViewController.swift */ = {isa = PBXFileReference; lastKnownFileType = sourcecode.swift; path = ViewController.swift; sourceTree = "<group>"; };
		4748D53E1E7B87D0007984A7 /* Base */ = {isa = PBXFileReference; lastKnownFileType = file.storyboard; name = Base; path = Base.lproj/Main.storyboard; sourceTree = "<group>"; };
		4748D5401E7B87D0007984A7 /* Assets.xcassets */ = {isa = PBXFileReference; lastKnownFileType = folder.assetcatalog; path = Assets.xcassets; sourceTree = "<group>"; };
		4748D5431E7B87D0007984A7 /* Base */ = {isa = PBXFileReference; lastKnownFileType = file.storyboard; name = Base; path = Base.lproj/LaunchScreen.storyboard; sourceTree = "<group>"; };
		4748D5451E7B87D0007984A7 /* Info.plist */ = {isa = PBXFileReference; lastKnownFileType = text.plist.xml; path = Info.plist; sourceTree = "<group>"; };
		475BEA681E955AD500075EEC /* AddRecurringPaydayViewController.swift */ = {isa = PBXFileReference; fileEncoding = 4; lastKnownFileType = sourcecode.swift; path = AddRecurringPaydayViewController.swift; sourceTree = "<group>"; };
		475BEA6A1E95F0C400075EEC /* CellView.xib */ = {isa = PBXFileReference; fileEncoding = 4; lastKnownFileType = file.xib; path = CellView.xib; sourceTree = "<group>"; };
		475BEA6C1E95F4DD00075EEC /* CellView.swift */ = {isa = PBXFileReference; fileEncoding = 4; lastKnownFileType = sourcecode.swift; path = CellView.swift; sourceTree = "<group>"; };
		47F2426F1E8C7163006257B0 /* SetReoccuringViewController.swift */ = {isa = PBXFileReference; fileEncoding = 4; lastKnownFileType = sourcecode.swift; path = SetReoccuringViewController.swift; sourceTree = "<group>"; };
		47F242711E8C7242006257B0 /* SetManualViewController.swift */ = {isa = PBXFileReference; fileEncoding = 4; lastKnownFileType = sourcecode.swift; path = SetManualViewController.swift; sourceTree = "<group>"; };
		47F242731E8CA30F006257B0 /* IncomeViewController.swift */ = {isa = PBXFileReference; fileEncoding = 4; lastKnownFileType = sourcecode.swift; path = IncomeViewController.swift; sourceTree = "<group>"; };
		6FDC6C0161AF58A64AA3FBAC /* Pods-FinalProject.debug.xcconfig */ = {isa = PBXFileReference; includeInIndex = 1; lastKnownFileType = text.xcconfig; name = "Pods-FinalProject.debug.xcconfig"; path = "Pods/Target Support Files/Pods-FinalProject/Pods-FinalProject.debug.xcconfig"; sourceTree = "<group>"; };
		77A49457D1547522FEEACCBD /* Pods_FinalProject.framework */ = {isa = PBXFileReference; explicitFileType = wrapper.framework; includeInIndex = 0; path = Pods_FinalProject.framework; sourceTree = BUILT_PRODUCTS_DIR; };
/* End PBXFileReference section */

/* Begin PBXFrameworksBuildPhase section */
		4748D5331E7B87CF007984A7 /* Frameworks */ = {
			isa = PBXFrameworksBuildPhase;
			buildActionMask = 2147483647;
			files = (
				BFB1CFE42F4C421C0A9A7304 /* Pods_FinalProject.framework in Frameworks */,
			);
			runOnlyForDeploymentPostprocessing = 0;
		};
/* End PBXFrameworksBuildPhase section */

/* Begin PBXGroup section */
		4748D52D1E7B87CF007984A7 = {
			isa = PBXGroup;
			children = (
				4748D5381E7B87CF007984A7 /* FinalProject */,
				4748D5371E7B87CF007984A7 /* Products */,
				A666D08852FFEDAADFC7DA08 /* Pods */,
				923642BB2DBCBCEFB21F5783 /* Frameworks */,
			);
			sourceTree = "<group>";
		};
		4748D5371E7B87CF007984A7 /* Products */ = {
			isa = PBXGroup;
			children = (
				4748D5361E7B87CF007984A7 /* FinalProject.app */,
			);
			name = Products;
			sourceTree = "<group>";
		};
		4748D5381E7B87CF007984A7 /* FinalProject */ = {
			isa = PBXGroup;
			children = (
				4748D5391E7B87D0007984A7 /* AppDelegate.swift */,
				4748D53B1E7B87D0007984A7 /* ViewController.swift */,
				4748D53D1E7B87D0007984A7 /* Main.storyboard */,
				4748D5401E7B87D0007984A7 /* Assets.xcassets */,
				4748D5421E7B87D0007984A7 /* LaunchScreen.storyboard */,
				4748D5451E7B87D0007984A7 /* Info.plist */,
				47F2426F1E8C7163006257B0 /* SetReoccuringViewController.swift */,
				47F242711E8C7242006257B0 /* SetManualViewController.swift */,
				47F242731E8CA30F006257B0 /* IncomeViewController.swift */,
				475BEA681E955AD500075EEC /* AddRecurringPaydayViewController.swift */,
				475BEA6A1E95F0C400075EEC /* CellView.xib */,
				475BEA6C1E95F4DD00075EEC /* CellView.swift */,
				4711BCAD1E98008200DDDE35 /* BudgetViewController.swift */,
			);
			path = FinalProject;
			sourceTree = "<group>";
		};
		923642BB2DBCBCEFB21F5783 /* Frameworks */ = {
			isa = PBXGroup;
			children = (
				77A49457D1547522FEEACCBD /* Pods_FinalProject.framework */,
			);
			name = Frameworks;
			sourceTree = "<group>";
		};
		A666D08852FFEDAADFC7DA08 /* Pods */ = {
			isa = PBXGroup;
			children = (
				6FDC6C0161AF58A64AA3FBAC /* Pods-FinalProject.debug.xcconfig */,
				307362C98E2BA48F97D75315 /* Pods-FinalProject.release.xcconfig */,
			);
			name = Pods;
			sourceTree = "<group>";
		};
/* End PBXGroup section */

/* Begin PBXNativeTarget section */
		4748D5351E7B87CF007984A7 /* FinalProject */ = {
			isa = PBXNativeTarget;
			buildConfigurationList = 4748D5481E7B87D0007984A7 /* Build configuration list for PBXNativeTarget "FinalProject" */;
			buildPhases = (
				4ABB1AA13089E4507BEB4E79 /* [CP] Check Pods Manifest.lock */,
				4748D5321E7B87CF007984A7 /* Sources */,
				4748D5331E7B87CF007984A7 /* Frameworks */,
				4748D5341E7B87CF007984A7 /* Resources */,
				E9D0AB45AF6A3FDC988211E2 /* [CP] Embed Pods Frameworks */,
				7C51F01DC5A6E0EB8A804645 /* [CP] Copy Pods Resources */,
			);
			buildRules = (
			);
			dependencies = (
			);
			name = FinalProject;
			productName = FinalProject;
			productReference = 4748D5361E7B87CF007984A7 /* FinalProject.app */;
			productType = "com.apple.product-type.application";
		};
/* End PBXNativeTarget section */

/* Begin PBXProject section */
		4748D52E1E7B87CF007984A7 /* Project object */ = {
			isa = PBXProject;
			attributes = {
				LastSwiftUpdateCheck = 0820;
				LastUpgradeCheck = 0820;
				ORGANIZATIONNAME = "Calvin Armstrong";
				TargetAttributes = {
					4748D5351E7B87CF007984A7 = {
						CreatedOnToolsVersion = 8.2.1;
						DevelopmentTeam = QV7BK3D75T;
						ProvisioningStyle = Automatic;
					};
				};
			};
			buildConfigurationList = 4748D5311E7B87CF007984A7 /* Build configuration list for PBXProject "FinalProject" */;
			compatibilityVersion = "Xcode 3.2";
			developmentRegion = English;
			hasScannedForEncodings = 0;
			knownRegions = (
				en,
				Base,
			);
			mainGroup = 4748D52D1E7B87CF007984A7;
			productRefGroup = 4748D5371E7B87CF007984A7 /* Products */;
			projectDirPath = "";
			projectRoot = "";
			targets = (
				4748D5351E7B87CF007984A7 /* FinalProject */,
			);
		};
/* End PBXProject section */

/* Begin PBXResourcesBuildPhase section */
		4748D5341E7B87CF007984A7 /* Resources */ = {
			isa = PBXResourcesBuildPhase;
			buildActionMask = 2147483647;
			files = (
				475BEA6B1E95F0C400075EEC /* CellView.xib in Resources */,
				4748D5441E7B87D0007984A7 /* LaunchScreen.storyboard in Resources */,
				4748D5411E7B87D0007984A7 /* Assets.xcassets in Resources */,
				4748D53F1E7B87D0007984A7 /* Main.storyboard in Resources */,
			);
			runOnlyForDeploymentPostprocessing = 0;
		};
/* End PBXResourcesBuildPhase section */

/* Begin PBXShellScriptBuildPhase section */
		4ABB1AA13089E4507BEB4E79 /* [CP] Check Pods Manifest.lock */ = {
			isa = PBXShellScriptBuildPhase;
			buildActionMask = 2147483647;
			files = (
			);
			inputPaths = (
			);
			name = "[CP] Check Pods Manifest.lock";
			outputPaths = (
			);
			runOnlyForDeploymentPostprocessing = 0;
			shellPath = /bin/sh;
			shellScript = "diff \"${PODS_ROOT}/../Podfile.lock\" \"${PODS_ROOT}/Manifest.lock\" > /dev/null\nif [ $? != 0 ] ; then\n    # print error to STDERR\n    echo \"error: The sandbox is not in sync with the Podfile.lock. Run 'pod install' or update your CocoaPods installation.\" >&2\n    exit 1\nfi\n";
			showEnvVarsInLog = 0;
		};
		7C51F01DC5A6E0EB8A804645 /* [CP] Copy Pods Resources */ = {
			isa = PBXShellScriptBuildPhase;
			buildActionMask = 2147483647;
			files = (
			);
			inputPaths = (
			);
			name = "[CP] Copy Pods Resources";
			outputPaths = (
			);
			runOnlyForDeploymentPostprocessing = 0;
			shellPath = /bin/sh;
			shellScript = "\"${SRCROOT}/Pods/Target Support Files/Pods-FinalProject/Pods-FinalProject-resources.sh\"\n";
			showEnvVarsInLog = 0;
		};
		E9D0AB45AF6A3FDC988211E2 /* [CP] Embed Pods Frameworks */ = {
			isa = PBXShellScriptBuildPhase;
			buildActionMask = 2147483647;
			files = (
			);
			inputPaths = (
			);
			name = "[CP] Embed Pods Frameworks";
			outputPaths = (
			);
			runOnlyForDeploymentPostprocessing = 0;
			shellPath = /bin/sh;
			shellScript = "\"${SRCROOT}/Pods/Target Support Files/Pods-FinalProject/Pods-FinalProject-frameworks.sh\"\n";
			showEnvVarsInLog = 0;
		};
/* End PBXShellScriptBuildPhase section */

/* Begin PBXSourcesBuildPhase section */
		4748D5321E7B87CF007984A7 /* Sources */ = {
			isa = PBXSourcesBuildPhase;
			buildActionMask = 2147483647;
			files = (
				475BEA691E955AD500075EEC /* AddRecurringPaydayViewController.swift in Sources */,
				4748D53C1E7B87D0007984A7 /* ViewController.swift in Sources */,
				47F242741E8CA30F006257B0 /* IncomeViewController.swift in Sources */,
				47F242721E8C7242006257B0 /* SetManualViewController.swift in Sources */,
				4748D53A1E7B87D0007984A7 /* AppDelegate.swift in Sources */,
				47F242701E8C7163006257B0 /* SetReoccuringViewController.swift in Sources */,
				475BEA6D1E95F4DD00075EEC /* CellView.swift in Sources */,
				4711BCAE1E98008200DDDE35 /* BudgetViewController.swift in Sources */,
			);
			runOnlyForDeploymentPostprocessing = 0;
		};
/* End PBXSourcesBuildPhase section */

/* Begin PBXVariantGroup section */
		4748D53D1E7B87D0007984A7 /* Main.storyboard */ = {
			isa = PBXVariantGroup;
			children = (
				4748D53E1E7B87D0007984A7 /* Base */,
			);
			name = Main.storyboard;
			sourceTree = "<group>";
		};
		4748D5421E7B87D0007984A7 /* LaunchScreen.storyboard */ = {
			isa = PBXVariantGroup;
			children = (
				4748D5431E7B87D0007984A7 /* Base */,
			);
			name = LaunchScreen.storyboard;
			sourceTree = "<group>";
		};
/* End PBXVariantGroup section */

/* Begin XCBuildConfiguration section */
		4748D5461E7B87D0007984A7 /* Debug */ = {
			isa = XCBuildConfiguration;
			buildSettings = {
				ALWAYS_SEARCH_USER_PATHS = NO;
				CLANG_ANALYZER_NONNULL = YES;
				CLANG_CXX_LANGUAGE_STANDARD = "gnu++0x";
				CLANG_CXX_LIBRARY = "libc++";
				CLANG_ENABLE_MODULES = YES;
				CLANG_ENABLE_OBJC_ARC = YES;
				CLANG_WARN_BOOL_CONVERSION = YES;
				CLANG_WARN_CONSTANT_CONVERSION = YES;
				CLANG_WARN_DIRECT_OBJC_ISA_USAGE = YES_ERROR;
				CLANG_WARN_DOCUMENTATION_COMMENTS = YES;
				CLANG_WARN_EMPTY_BODY = YES;
				CLANG_WARN_ENUM_CONVERSION = YES;
				CLANG_WARN_INFINITE_RECURSION = YES;
				CLANG_WARN_INT_CONVERSION = YES;
				CLANG_WARN_OBJC_ROOT_CLASS = YES_ERROR;
				CLANG_WARN_SUSPICIOUS_MOVE = YES;
				CLANG_WARN_UNREACHABLE_CODE = YES;
				CLANG_WARN__DUPLICATE_METHOD_MATCH = YES;
				"CODE_SIGN_IDENTITY[sdk=iphoneos*]" = "iPhone Developer";
				COPY_PHASE_STRIP = NO;
				DEBUG_INFORMATION_FORMAT = dwarf;
				ENABLE_STRICT_OBJC_MSGSEND = YES;
				ENABLE_TESTABILITY = YES;
				GCC_C_LANGUAGE_STANDARD = gnu99;
				GCC_DYNAMIC_NO_PIC = NO;
				GCC_NO_COMMON_BLOCKS = YES;
				GCC_OPTIMIZATION_LEVEL = 0;
				GCC_PREPROCESSOR_DEFINITIONS = (
					"DEBUG=1",
					"$(inherited)",
				);
				GCC_WARN_64_TO_32_BIT_CONVERSION = YES;
				GCC_WARN_ABOUT_RETURN_TYPE = YES_ERROR;
				GCC_WARN_UNDECLARED_SELECTOR = YES;
				GCC_WARN_UNINITIALIZED_AUTOS = YES_AGGRESSIVE;
				GCC_WARN_UNUSED_FUNCTION = YES;
				GCC_WARN_UNUSED_VARIABLE = YES;
				IPHONEOS_DEPLOYMENT_TARGET = 10.2;
				MTL_ENABLE_DEBUG_INFO = YES;
				ONLY_ACTIVE_ARCH = YES;
				SDKROOT = iphoneos;
				SWIFT_ACTIVE_COMPILATION_CONDITIONS = DEBUG;
				SWIFT_OPTIMIZATION_LEVEL = "-Onone";
				TARGETED_DEVICE_FAMILY = "1,2";
			};
			name = Debug;
		};
		4748D5471E7B87D0007984A7 /* Release */ = {
			isa = XCBuildConfiguration;
			buildSettings = {
				ALWAYS_SEARCH_USER_PATHS = NO;
				CLANG_ANALYZER_NONNULL = YES;
				CLANG_CXX_LANGUAGE_STANDARD = "gnu++0x";
				CLANG_CXX_LIBRARY = "libc++";
				CLANG_ENABLE_MODULES = YES;
				CLANG_ENABLE_OBJC_ARC = YES;
				CLANG_WARN_BOOL_CONVERSION = YES;
				CLANG_WARN_CONSTANT_CONVERSION = YES;
				CLANG_WARN_DIRECT_OBJC_ISA_USAGE = YES_ERROR;
				CLANG_WARN_DOCUMENTATION_COMMENTS = YES;
				CLANG_WARN_EMPTY_BODY = YES;
				CLANG_WARN_ENUM_CONVERSION = YES;
				CLANG_WARN_INFINITE_RECURSION = YES;
				CLANG_WARN_INT_CONVERSION = YES;
				CLANG_WARN_OBJC_ROOT_CLASS = YES_ERROR;
				CLANG_WARN_SUSPICIOUS_MOVE = YES;
				CLANG_WARN_UNREACHABLE_CODE = YES;
				CLANG_WARN__DUPLICATE_METHOD_MATCH = YES;
				"CODE_SIGN_IDENTITY[sdk=iphoneos*]" = "iPhone Developer";
				COPY_PHASE_STRIP = NO;
				DEBUG_INFORMATION_FORMAT = "dwarf-with-dsym";
				ENABLE_NS_ASSERTIONS = NO;
				ENABLE_STRICT_OBJC_MSGSEND = YES;
				GCC_C_LANGUAGE_STANDARD = gnu99;
				GCC_NO_COMMON_BLOCKS = YES;
				GCC_WARN_64_TO_32_BIT_CONVERSION = YES;
				GCC_WARN_ABOUT_RETURN_TYPE = YES_ERROR;
				GCC_WARN_UNDECLARED_SELECTOR = YES;
				GCC_WARN_UNINITIALIZED_AUTOS = YES_AGGRESSIVE;
				GCC_WARN_UNUSED_FUNCTION = YES;
				GCC_WARN_UNUSED_VARIABLE = YES;
				IPHONEOS_DEPLOYMENT_TARGET = 10.2;
				MTL_ENABLE_DEBUG_INFO = NO;
				SDKROOT = iphoneos;
				SWIFT_OPTIMIZATION_LEVEL = "-Owholemodule";
				TARGETED_DEVICE_FAMILY = "1,2";
				VALIDATE_PRODUCT = YES;
			};
			name = Release;
		};
		4748D5491E7B87D0007984A7 /* Debug */ = {
			isa = XCBuildConfiguration;
			baseConfigurationReference = 6FDC6C0161AF58A64AA3FBAC /* Pods-FinalProject.debug.xcconfig */;
			buildSettings = {
				ASSETCATALOG_COMPILER_APPICON_NAME = AppIcon;
				DEVELOPMENT_TEAM = QV7BK3D75T;
				INFOPLIST_FILE = FinalProject/Info.plist;
				LD_RUNPATH_SEARCH_PATHS = "$(inherited) @executable_path/Frameworks";
				PRODUCT_BUNDLE_IDENTIFIER = com.calvinrileyarmstrong.FinalProject;
				PRODUCT_NAME = "$(TARGET_NAME)";
				SWIFT_VERSION = 3.0;
			};
			name = Debug;
		};
		4748D54A1E7B87D0007984A7 /* Release */ = {
			isa = XCBuildConfiguration;
			baseConfigurationReference = 307362C98E2BA48F97D75315 /* Pods-FinalProject.release.xcconfig */;
			buildSettings = {
				ASSETCATALOG_COMPILER_APPICON_NAME = AppIcon;
				DEVELOPMENT_TEAM = QV7BK3D75T;
				INFOPLIST_FILE = FinalProject/Info.plist;
				LD_RUNPATH_SEARCH_PATHS = "$(inherited) @executable_path/Frameworks";
				PRODUCT_BUNDLE_IDENTIFIER = com.calvinrileyarmstrong.FinalProject;
				PRODUCT_NAME = "$(TARGET_NAME)";
				SWIFT_VERSION = 3.0;
			};
			name = Release;
		};
/* End XCBuildConfiguration section */

/* Begin XCConfigurationList section */
		4748D5311E7B87CF007984A7 /* Build configuration list for PBXProject "FinalProject" */ = {
			isa = XCConfigurationList;
			buildConfigurations = (
				4748D5461E7B87D0007984A7 /* Debug */,
				4748D5471E7B87D0007984A7 /* Release */,
			);
			defaultConfigurationIsVisible = 0;
			defaultConfigurationName = Release;
		};
		4748D5481E7B87D0007984A7 /* Build configuration list for PBXNativeTarget "FinalProject" */ = {
			isa = XCConfigurationList;
			buildConfigurations = (
				4748D5491E7B87D0007984A7 /* Debug */,
				4748D54A1E7B87D0007984A7 /* Release */,
			);
			defaultConfigurationIsVisible = 0;
			defaultConfigurationName = Release;
		};
/* End XCConfigurationList section */
	};
	rootObject = 4748D52E1E7B87CF007984A7 /* Project object */;
}
